
Microsoft Visual Studio Solution File, Format Version 12.00
# Visual Studio 15
VisualStudioVersion = 15.0.28307.271
MinimumVisualStudioVersion = 10.0.40219.1
Project("{FAE04EC0-301F-11D3-BF4B-00C04F79EFBC}") = "Jiesen.ConsoleApp", "Jiesen.ConsoleApp\Jiesen.ConsoleApp.csproj", "{D4A40091-7505-4540-8FB6-8D41ED9B1D2D}"
EndProject
Global
	GlobalSection(SolutionConfigurationPlatforms) = preSolution
		Debug|Any CPU = Debug|Any CPU
		Release|Any CPU = Release|Any CPU
	EndGlobalSection
	GlobalSection(ProjectConfigurationPlatforms) = postSolution
		{D4A40091-7505-4540-8FB6-8D41ED9B1D2D}.Debug|Any CPU.ActiveCfg = Debug|Any CPU
		{D4A40091-7505-4540-8FB6-8D41ED9B1D2D}.Debug|Any CPU.Build.0 = Debug|Any CPU
		{D4A40091-7505-4540-8FB6-8D41ED9B1D2D}.Release|Any CPU.ActiveCfg = Release|Any CPU
		{D4A40091-7505-4540-8FB6-8D41ED9B1D2D}.Release|Any CPU.Build.0 = Release|Any CPU
	EndGlobalSection
	GlobalSection(SolutionProperties) = preSolution
		HideSolutionNode = FALSE
	EndGlobalSection
	GlobalSection(ExtensibilityGlobals) = postSolution
		SolutionGuid = {4413F713-46C7-4513-90B0-B218CB6315EC}
	EndGlobalSection
EndGlobal
